
Microsoft Visual Studio Solution File, Format Version 12.00
# Visual Studio 15
VisualStudioVersion = 15.0.27130.2024
MinimumVisualStudioVersion = 10.0.40219.1
Project("{FAE04EC0-301F-11D3-BF4B-00C04F79EFBC}") = "SnapPeaApp", "SnapPeaApp\SnapPeaApp.csproj", "{CD7130D3-1CC4-446D-895E-B1BF18D9A9D3}"
EndProject
Project("{FAE04EC0-301F-11D3-BF4B-00C04F79EFBC}") = "DrawTool", "DrawTool\DrawTool.csproj", "{0AF154AC-28D3-4DBA-A3F5-84DE1FA142F2}"
EndProject
Global
	GlobalSection(SolutionConfigurationPlatforms) = preSolution
		Debug|Any CPU = Debug|Any CPU
		Release|Any CPU = Release|Any CPU
	EndGlobalSection
	GlobalSection(ProjectConfigurationPlatforms) = postSolution
		{CD7130D3-1CC4-446D-895E-B1BF18D9A9D3}.Debug|Any CPU.ActiveCfg = Debug|Any CPU
		{CD7130D3-1CC4-446D-895E-B1BF18D9A9D3}.Debug|Any CPU.Build.0 = Debug|Any CPU
		{CD7130D3-1CC4-446D-895E-B1BF18D9A9D3}.Release|Any CPU.ActiveCfg = Release|Any CPU
		{CD7130D3-1CC4-446D-895E-B1BF18D9A9D3}.Release|Any CPU.Build.0 = Release|Any CPU
		{0AF154AC-28D3-4DBA-A3F5-84DE1FA142F2}.Debug|Any CPU.ActiveCfg = Debug|Any CPU
		{0AF154AC-28D3-4DBA-A3F5-84DE1FA142F2}.Debug|Any CPU.Build.0 = Debug|Any CPU
		{0AF154AC-28D3-4DBA-A3F5-84DE1FA142F2}.Release|Any CPU.ActiveCfg = Release|Any CPU
		{0AF154AC-28D3-4DBA-A3F5-84DE1FA142F2}.Release|Any CPU.Build.0 = Release|Any CPU
	EndGlobalSection
	GlobalSection(SolutionProperties) = preSolution
		HideSolutionNode = FALSE
	EndGlobalSection
	GlobalSection(ExtensibilityGlobals) = postSolution
		SolutionGuid = {03F634CF-4554-42EC-91D6-550866987822}
	EndGlobalSection
EndGlobal
